
Microsoft Visual Studio Solution File, Format Version 12.00
# Visual Studio 14
VisualStudioVersion = 14.0.25420.1
MinimumVisualStudioVersion = 10.0.40219.1
Project("{FAE04EC0-301F-11D3-BF4B-00C04F79EFBC}") = "Calendar", "Calendar\Calendar.csproj", "{D3BC3AF4-7B07-40CF-B252-0739675D624D}"
EndProject
Global
	GlobalSection(SolutionConfigurationPlatforms) = preSolution
		Debug|Any CPU = Debug|Any CPU
		Release|Any CPU = Release|Any CPU
	EndGlobalSection
	GlobalSection(ProjectConfigurationPlatforms) = postSolution
		{D3BC3AF4-7B07-40CF-B252-0739675D624D}.Debug|Any CPU.ActiveCfg = Debug|Any CPU
		{D3BC3AF4-7B07-40CF-B252-0739675D624D}.Debug|Any CPU.Build.0 = Debug|Any CPU
		{D3BC3AF4-7B07-40CF-B252-0739675D624D}.Release|Any CPU.ActiveCfg = Release|Any CPU
		{D3BC3AF4-7B07-40CF-B252-0739675D624D}.Release|Any CPU.Build.0 = Release|Any CPU
	EndGlobalSection
	GlobalSection(SolutionProperties) = preSolution
		HideSolutionNode = FALSE
	EndGlobalSection
EndGlobal
